
Microsoft Visual Studio Solution File, Format Version 11.00
# Visual Studio 2010
Project("{FAE04EC0-301F-11D3-BF4B-00C04F79EFBC}") = "Specs", "Specs\Specs.csproj", "{9424F783-DC74-4DDD-BC74-F6039FAA87AE}"
EndProject
Project("{FAE04EC0-301F-11D3-BF4B-00C04F79EFBC}") = "Web", "Web\Web.csproj", "{464D3174-AFDD-4261-B1D3-948098935A4C}"
EndProject
Project("{FAE04EC0-301F-11D3-BF4B-00C04F79EFBC}") = "AcceptanceTests", "AcceptanceTests\AcceptanceTests.csproj", "{70123EDF-08F0-4CFE-9324-36A6968A6A63}"
EndProject
Project("{FAE04EC0-301F-11D3-BF4B-00C04F79EFBC}") = "Tests", "Tests\Tests.csproj", "{BFE2DEE8-4DC5-4A7A-8C45-EE97F5DE0923}"
EndProject
Project("{FAE04EC0-301F-11D3-BF4B-00C04F79EFBC}") = "ReadModel", "ReadModel\ReadModel.csproj", "{04E90685-14B4-4929-8BE8-F6D218C5F54B}"
EndProject
Project("{FAE04EC0-301F-11D3-BF4B-00C04F79EFBC}") = "CommandService", "CommandService\CommandService.csproj", "{7E980B18-1A15-400E-AAAE-6B86292E5670}"
EndProject
Project("{FAE04EC0-301F-11D3-BF4B-00C04F79EFBC}") = "Repositories", "Repositories\Repositories.csproj", "{1BF81CAA-621A-4A34-9C77-4B454285FDDA}"
EndProject
Project("{FAE04EC0-301F-11D3-BF4B-00C04F79EFBC}") = "Domain", "Domain\Domain.csproj", "{816D2079-9FEC-4D91-9CF2-3634AE5B38FC}"
EndProject
Global
	GlobalSection(SolutionConfigurationPlatforms) = preSolution
		Debug|Any CPU = Debug|Any CPU
		Release|Any CPU = Release|Any CPU
	EndGlobalSection
	GlobalSection(ProjectConfigurationPlatforms) = postSolution
		{9424F783-DC74-4DDD-BC74-F6039FAA87AE}.Debug|Any CPU.ActiveCfg = Debug|Any CPU
		{9424F783-DC74-4DDD-BC74-F6039FAA87AE}.Debug|Any CPU.Build.0 = Debug|Any CPU
		{9424F783-DC74-4DDD-BC74-F6039FAA87AE}.Release|Any CPU.ActiveCfg = Release|Any CPU
		{9424F783-DC74-4DDD-BC74-F6039FAA87AE}.Release|Any CPU.Build.0 = Release|Any CPU
		{464D3174-AFDD-4261-B1D3-948098935A4C}.Debug|Any CPU.ActiveCfg = Debug|Any CPU
		{464D3174-AFDD-4261-B1D3-948098935A4C}.Debug|Any CPU.Build.0 = Debug|Any CPU
		{464D3174-AFDD-4261-B1D3-948098935A4C}.Release|Any CPU.ActiveCfg = Release|Any CPU
		{464D3174-AFDD-4261-B1D3-948098935A4C}.Release|Any CPU.Build.0 = Release|Any CPU
		{70123EDF-08F0-4CFE-9324-36A6968A6A63}.Debug|Any CPU.ActiveCfg = Debug|Any CPU
		{70123EDF-08F0-4CFE-9324-36A6968A6A63}.Debug|Any CPU.Build.0 = Debug|Any CPU
		{70123EDF-08F0-4CFE-9324-36A6968A6A63}.Release|Any CPU.ActiveCfg = Release|Any CPU
		{70123EDF-08F0-4CFE-9324-36A6968A6A63}.Release|Any CPU.Build.0 = Release|Any CPU
		{BFE2DEE8-4DC5-4A7A-8C45-EE97F5DE0923}.Debug|Any CPU.ActiveCfg = Debug|Any CPU
		{BFE2DEE8-4DC5-4A7A-8C45-EE97F5DE0923}.Debug|Any CPU.Build.0 = Debug|Any CPU
		{BFE2DEE8-4DC5-4A7A-8C45-EE97F5DE0923}.Release|Any CPU.ActiveCfg = Release|Any CPU
		{BFE2DEE8-4DC5-4A7A-8C45-EE97F5DE0923}.Release|Any CPU.Build.0 = Release|Any CPU
		{04E90685-14B4-4929-8BE8-F6D218C5F54B}.Debug|Any CPU.ActiveCfg = Debug|Any CPU
		{04E90685-14B4-4929-8BE8-F6D218C5F54B}.Debug|Any CPU.Build.0 = Debug|Any CPU
		{04E90685-14B4-4929-8BE8-F6D218C5F54B}.Release|Any CPU.ActiveCfg = Release|Any CPU
		{04E90685-14B4-4929-8BE8-F6D218C5F54B}.Release|Any CPU.Build.0 = Release|Any CPU
		{7E980B18-1A15-400E-AAAE-6B86292E5670}.Debug|Any CPU.ActiveCfg = Debug|Any CPU
		{7E980B18-1A15-400E-AAAE-6B86292E5670}.Debug|Any CPU.Build.0 = Debug|Any CPU
		{7E980B18-1A15-400E-AAAE-6B86292E5670}.Release|Any CPU.ActiveCfg = Release|Any CPU
		{7E980B18-1A15-400E-AAAE-6B86292E5670}.Release|Any CPU.Build.0 = Release|Any CPU
		{1BF81CAA-621A-4A34-9C77-4B454285FDDA}.Debug|Any CPU.ActiveCfg = Debug|Any CPU
		{1BF81CAA-621A-4A34-9C77-4B454285FDDA}.Debug|Any CPU.Build.0 = Debug|Any CPU
		{1BF81CAA-621A-4A34-9C77-4B454285FDDA}.Release|Any CPU.ActiveCfg = Release|Any CPU
		{1BF81CAA-621A-4A34-9C77-4B454285FDDA}.Release|Any CPU.Build.0 = Release|Any CPU
		{816D2079-9FEC-4D91-9CF2-3634AE5B38FC}.Debug|Any CPU.ActiveCfg = Debug|Any CPU
		{816D2079-9FEC-4D91-9CF2-3634AE5B38FC}.Debug|Any CPU.Build.0 = Debug|Any CPU
		{816D2079-9FEC-4D91-9CF2-3634AE5B38FC}.Release|Any CPU.ActiveCfg = Release|Any CPU
		{816D2079-9FEC-4D91-9CF2-3634AE5B38FC}.Release|Any CPU.Build.0 = Release|Any CPU
	EndGlobalSection
	GlobalSection(SolutionProperties) = preSolution
		HideSolutionNode = FALSE
	EndGlobalSection
EndGlobal
