
Microsoft Visual Studio Solution File, Format Version 11.00
# Visual Studio 2010
Project("{FAE04EC0-301F-11D3-BF4B-00C04F79EFBC}") = "Specs", "Specs\Specs.csproj", "{9424F783-DC74-4DDD-BC74-F6039FAA87AE}"
EndProject
Project("{FAE04EC0-301F-11D3-BF4B-00C04F79EFBC}") = "Web", "Web\Web.csproj", "{464D3174-AFDD-4261-B1D3-948098935A4C}"
EndProject
Project("{FAE04EC0-301F-11D3-BF4B-00C04F79EFBC}") = "AcceptanceTests", "AcceptanceTests\AcceptanceTests.csproj", "{70123EDF-08F0-4CFE-9324-36A6968A6A63}"
EndProject
Global
	GlobalSection(SolutionConfigurationPlatforms) = preSolution
		Debug|Any CPU = Debug|Any CPU
		Release|Any CPU = Release|Any CPU
	EndGlobalSection
	GlobalSection(ProjectConfigurationPlatforms) = postSolution
		{9424F783-DC74-4DDD-BC74-F6039FAA87AE}.Debug|Any CPU.ActiveCfg = Debug|Any CPU
		{9424F783-DC74-4DDD-BC74-F6039FAA87AE}.Debug|Any CPU.Build.0 = Debug|Any CPU
		{9424F783-DC74-4DDD-BC74-F6039FAA87AE}.Release|Any CPU.ActiveCfg = Release|Any CPU
		{9424F783-DC74-4DDD-BC74-F6039FAA87AE}.Release|Any CPU.Build.0 = Release|Any CPU
		{464D3174-AFDD-4261-B1D3-948098935A4C}.Debug|Any CPU.ActiveCfg = Debug|Any CPU
		{464D3174-AFDD-4261-B1D3-948098935A4C}.Debug|Any CPU.Build.0 = Debug|Any CPU
		{464D3174-AFDD-4261-B1D3-948098935A4C}.Release|Any CPU.ActiveCfg = Release|Any CPU
		{464D3174-AFDD-4261-B1D3-948098935A4C}.Release|Any CPU.Build.0 = Release|Any CPU
		{70123EDF-08F0-4CFE-9324-36A6968A6A63}.Debug|Any CPU.ActiveCfg = Debug|Any CPU
		{70123EDF-08F0-4CFE-9324-36A6968A6A63}.Debug|Any CPU.Build.0 = Debug|Any CPU
		{70123EDF-08F0-4CFE-9324-36A6968A6A63}.Release|Any CPU.ActiveCfg = Release|Any CPU
		{70123EDF-08F0-4CFE-9324-36A6968A6A63}.Release|Any CPU.Build.0 = Release|Any CPU
	EndGlobalSection
	GlobalSection(SolutionProperties) = preSolution
		HideSolutionNode = FALSE
	EndGlobalSection
EndGlobal
